
Microsoft Visual Studio Solution File, Format Version 12.00
# Visual Studio 2015
Project("{FAE04EC0-301F-11D3-BF4B-00C04F79EFBC}") = "Stevie!", "Stevie!.csproj", "{485EFB4D-1C4F-91BC-F1E9-DD40D2155DEE}"
EndProject
Global
	GlobalSection(SolutionConfigurationPlatforms) = preSolution
		Debug|Any CPU = Debug|Any CPU
		Release|Any CPU = Release|Any CPU
	EndGlobalSection
	GlobalSection(ProjectConfigurationPlatforms) = postSolution
		{485EFB4D-1C4F-91BC-F1E9-DD40D2155DEE}.Debug|Any CPU.ActiveCfg = Debug|Any CPU
		{485EFB4D-1C4F-91BC-F1E9-DD40D2155DEE}.Debug|Any CPU.Build.0 = Debug|Any CPU
		{485EFB4D-1C4F-91BC-F1E9-DD40D2155DEE}.Release|Any CPU.ActiveCfg = Release|Any CPU
		{485EFB4D-1C4F-91BC-F1E9-DD40D2155DEE}.Release|Any CPU.Build.0 = Release|Any CPU
	EndGlobalSection
	GlobalSection(SolutionProperties) = preSolution
		HideSolutionNode = FALSE
	EndGlobalSection
EndGlobal
